<?xml version="1.0" encoding="UTF-8" standalone="yes" ?>
<CodeBlocks_project_file>
	<FileVersion major="1" minor="6" />
	<Project>
		<Option title="TermaPet" />
		<Option pch_mode="2" />
		<Option compiler="gcc" />
		<Build>
			<Target title="Debug">
				<Option output="bin/Debug/TermaPet" prefix_auto="1" extension_auto="1" />
				<Option object_output="obj/Debug/" />
				<Option type="1" />
				<Option compiler="gcc" />
				<Compiler>
					<Add option="-g" />
				</Compiler>
			</Target>
			<Target title="Release">
				<Option output="bin/Release/TermaPet" prefix_auto="1" extension_auto="1" />
				<Option object_output="obj/Release/" />
				<Option type="1" />
				<Option compiler="gcc" />
				<Compiler>
					<Add option="-O2" />
				</Compiler>
				<Linker>
					<Add option="-s" />
				</Linker>
			</Target>
		</Build>
		<Compiler>
			<Add option="-Wall" />
		</Compiler>
		<Unit filename="Include/aux.h" />
		<Unit filename="Include/embeded.h" />
		<Unit filename="Include/engine.h" />
		<Unit filename="Include/factorized.h" />
		<Unit filename="Include/graphicalDefines.h" />
		<Unit filename="Include/myMenus.h" />
		<Unit filename="Include/petEngine.h" />
		<Unit filename="Include/preprocessorStuff.h" />
		<Unit filename="Sources/aux.c">
			<Option compilerVar="CC" />
		</Unit>
		<Unit filename="Sources/aux.d" />
		<Unit filename="Sources/engine.c">
			<Option compilerVar="CC" />
		</Unit>
		<Unit filename="Sources/engine.d" />
		<Unit filename="Sources/factorized.c">
			<Option compilerVar="CC" />
		</Unit>
		<Unit filename="Sources/factorized.d" />
		<Unit filename="Sources/petEngine.c">
			<Option compilerVar="CC" />
		</Unit>
		<Unit filename="Sources/petEngine.d" />
		<Unit filename="main.c">
			<Option compilerVar="CC" />
		</Unit>
		<Unit filename="main.d" />
		<Unit filename="resource/dead.res" />
		<Unit filename="resource/help.res" />
		<Unit filename="resource/pet.res" />
		<Unit filename="resource/pethappy.res" />
		<Unit filename="resource/petholding.res" />
		<Unit filename="resource/pethurt.res" />
		<Unit filename="resource/petinpain.res" />
		<Unit filename="resource/title.res" />
		<Extensions />
	</Project>
</CodeBlocks_project_file>
