<?xml version="1.0" encoding="UTF-8" standalone="yes" ?>
<CodeBlocks_project_file>
	<FileVersion major="1" minor="6" />
	<Project>
		<Option title="SpeedApp" />
		<Option pch_mode="2" />
		<Option compiler="gcc" />
		<Build>
			<Target title="Debug">
				<Option output="bin/Debug/SpeedApp" prefix_auto="1" extension_auto="1" />
				<Option object_output="obj/Debug/" />
				<Option type="1" />
				<Option compiler="gcc" />
				<Compiler>
					<Add option="-m64" />
					<Add option="-g" />
				</Compiler>
				<Linker>
					<Add option="-static-libstdc++" />
					<Add option="-m64" />
				</Linker>
			</Target>
			<Target title="Release">
				<Option output="bin/Release/SpeedApp" prefix_auto="1" extension_auto="1" />
				<Option object_output="obj/Release/" />
				<Option type="1" />
				<Option compiler="gcc" />
				<Compiler>
					<Add option="-O2" />
				</Compiler>
				<Linker>
					<Add option="-s" />
				</Linker>
			</Target>
		</Build>
		<Compiler>
			<Add option="-Wall" />
		</Compiler>
		<Linker>
			<Add option="-lSDL2 -lSDL2_image -lSDL2_ttf -lstdc++" />
		</Linker>
		<Unit filename="../game/entities.hpp" />
		<Unit filename="Circler.cpp" />
		<Unit filename="Circler.hpp" />
		<Unit filename="Dicas que encontrei na net" />
		<Unit filename="DynamicTextBox" />
		<Unit filename="FadingTexture.cpp" />
		<Unit filename="FadingTexture.hpp" />
		<Unit filename="FluidLayer.cpp" />
		<Unit filename="FluidLayer.hpp" />
		<Unit filename="ForceField.cpp" />
		<Unit filename="ForceField.hpp" />
		<Unit filename="Game.hpp" />
		<Unit filename="GeometricVector.hpp" />
		<Unit filename="GeometricVector.tpp" />
		<Unit filename="HitBox.cpp" />
		<Unit filename="HitBox.hpp" />
		<Unit filename="ImportsAndDefines.hpp" />
		<Unit filename="Iterator.hpp" />
		<Unit filename="Iterator.tpp" />
		<Unit filename="LTexture.cpp" />
		<Unit filename="LTexture.hpp" />
		<Unit filename="Level.cpp" />
		<Unit filename="Level.hpp" />
		<Unit filename="Menu.cpp" />
		<Unit filename="Menu.hpp" />
		<Unit filename="ODESolver.cpp" />
		<Unit filename="ODESolver.hpp" />
		<Unit filename="Object.cpp" />
		<Unit filename="Object.hpp" />
		<Unit filename="Obstacle.cpp" />
		<Unit filename="Obstacle.hpp" />
		<Unit filename="Pen.cpp" />
		<Unit filename="Pen.hpp" />
		<Unit filename="Planet.cpp" />
		<Unit filename="Planet.hpp" />
		<Unit filename="SpeedApp.cbp" />
		<Unit filename="SpeedApp.code-workspace" />
		<Unit filename="SpeedApp.depend" />
		<Unit filename="SpeedApp.layout" />
		<Unit filename="Sprite.cpp" />
		<Unit filename="Sprite.hpp" />
		<Unit filename="TemporaryTexture.cpp" />
		<Unit filename="TemporaryTexture.hpp" />
		<Unit filename="Trail.cpp" />
		<Unit filename="Trail.hpp" />
		<Unit filename="atualizar arrays" />
		<Unit filename="atualizar movimentos" />
		<Unit filename="auxFunctions.cpp" />
		<Unit filename="auxFunctions.h" />
		<Unit filename="compile.sh" />
		<Unit filename="detetar eventos" />
		<Unit filename="gerir açoes de input continua" />
		<Unit filename="graphicalLib1.cpp" />
		<Unit filename="graphicalLib1.hpp" />
		<Unit filename="gridObject.cpp" />
		<Unit filename="gridObject.hpp" />
		<Unit filename="introduzir vars" />
		<Unit filename="jumper.cpp" />
		<Unit filename="jumper.hpp" />
		<Unit filename="main.cpp" />
		<Unit filename="renderizar" />
		<Unit filename="test.cpp">
			<Option compile="0" />
			<Option link="0" />
		</Unit>
		<Unit filename="throwable.cpp" />
		<Unit filename="throwable.hpp" />
		<Extensions />
	</Project>
</CodeBlocks_project_file>
