<?xml version="1.0" encoding="UTF-8" standalone="yes" ?>
<CodeBlocks_project_file>
	<FileVersion major="1" minor="6" />
	<Project>
		<Option title="ParticleSim" />
		<Option pch_mode="2" />
		<Option compiler="gcc" />
		<Build>
			<Target title="Debug">
				<Option output="bin/Debug/ParticleSim" prefix_auto="1" extension_auto="1" />
				<Option object_output="obj/Debug/" />
				<Option type="1" />
				<Option compiler="gcc" />
				<Compiler>
					<Add option="-g" />
				</Compiler>
			</Target>
			<Target title="Release">
				<Option output="bin/Release/ParticleSim" prefix_auto="1" extension_auto="1" />
				<Option object_output="obj/Release/" />
				<Option type="1" />
				<Option compiler="gcc" />
				<Compiler>
					<Add option="-O2" />
				</Compiler>
				<Linker>
					<Add option="-s" />
				</Linker>
			</Target>
		</Build>
		<Compiler>
			<Add option="-Wall" />
		</Compiler>
		<Linker>
			<Add option="-lSDL2 -lm -lpthread" />
		</Linker>
		<Unit filename="Factorized/EntityMgmnt.cpp" />
		<Unit filename="Factorized/EntityMgmnt.h" />
		<Unit filename="Factorized/EntitySpawners.cpp" />
		<Unit filename="Factorized/EntitySpawners.h" />
		<Unit filename="Factorized/gunCommands.cpp" />
		<Unit filename="Factorized/gunCommands.h" />
		<Unit filename="Factorized/menuCommands.cpp" />
		<Unit filename="Factorized/menuCommands.h" />
		<Unit filename="Factorized/physicsCommands.cpp" />
		<Unit filename="Factorized/physicsCommands.h" />
		<Unit filename="Systems/InteractiveSim.cpp" />
		<Unit filename="Systems/InteractiveSim.h" />
		<Unit filename="Systems/physicsCommands.tpp" />
		<Unit filename="Types/Bullet.cpp" />
		<Unit filename="Types/Bullet.h" />
		<Unit filename="Types/Collider.cpp" />
		<Unit filename="Types/Collider.h" />
		<Unit filename="Types/Entity.cpp" />
		<Unit filename="Types/Entity.h" />
		<Unit filename="Types/GVector.cpp" />
		<Unit filename="Types/GVector.h" />
		<Unit filename="Types/Grenade.h" />
		<Unit filename="Types/Gun.cpp" />
		<Unit filename="Types/Gun.h" />
		<Unit filename="Types/physicsAux.cpp" />
		<Unit filename="Types/physicsAux.h" />
		<Unit filename="aux.cpp" />
		<Unit filename="aux.h" />
		<Unit filename="constantHeaders/IOSettings.h" />
		<Unit filename="constantHeaders/allSettings.h" />
		<Unit filename="constantHeaders/bulletSettings.h" />
		<Unit filename="constantHeaders/colliderSettings.h" />
		<Unit filename="constantHeaders/entitySettings.h" />
		<Unit filename="constantHeaders/graphicalDefaults.h" />
		<Unit filename="constantHeaders/gunSettings.h" />
		<Unit filename="credits.txt" />
		<Unit filename="defaultSettings" />
		<Unit filename="includes.h" />
		<Unit filename="main.cpp" />
		<Unit filename="resourcePaths.cpp" />
		<Unit filename="resourcePaths.h" />
		<Unit filename="resources/entities/collider/defaultcollider" />
		<Unit filename="resources/entities/ents/defaultentsettings" />
		<Unit filename="resources/guns/assaultRifle.gun" />
		<Unit filename="resources/guns/calibers/fiftybmg" />
		<Unit filename="resources/guns/calibers/fivefivesix" />
		<Unit filename="resources/guns/calibers/fivefortyfive" />
		<Unit filename="resources/guns/calibers/sevensixnine" />
		<Unit filename="resources/guns/calibers/threeoeight" />
		<Unit filename="resources/guns/pistol.gun" />
		<Unit filename="resources/guns/sniperRifle.gun" />
		<Unit filename="resources/guns/subMG.gun" />
		<Unit filename="resources/menus/bulletMenu" />
		<Unit filename="resources/menus/gunMenu" />
		<Unit filename="resources/menus/whatToDelete" />
		<Extensions />
	</Project>
</CodeBlocks_project_file>
