<?xml version="1.0" encoding="UTF-8" standalone="yes" ?>
<CodeBlocks_project_file>
	<FileVersion major="1" minor="6" />
	<Project>
		<Option title="collectionOfCrushes" />
		<Option makefile_is_custom="1" />
		<Option execution_dir="../collectionOfCrushes" />
		<Option pch_mode="2" />
		<Option compiler="gcc" />
		<Build>
			<Target title="Debug">
				<Option output="bin/Debug/collectionOfCrushes" prefix_auto="1" extension_auto="1" />
				<Option object_output="obj/Debug/" />
				<Option type="1" />
				<Option compiler="gcc" />
				<Compiler>
					<Add option="-g" />
				</Compiler>
			</Target>
			<Target title="Release">
				<Option output="bin/Release/collectionOfCrushes" prefix_auto="1" extension_auto="1" />
				<Option object_output="obj/Release/" />
				<Option type="1" />
				<Option compiler="gcc" />
				<Compiler>
					<Add option="-O2" />
				</Compiler>
				<Linker>
					<Add option="-s" />
				</Linker>
			</Target>
		</Build>
		<Compiler>
			<Add option="-Wall" />
		</Compiler>
		<Unit filename="ADT/hashTable.cpp" />
		<Unit filename="ADT/hashTable.h" />
		<Unit filename="ADT/hashTableIterator.cpp" />
		<Unit filename="ADT/hashTableIterator.h" />
		<Unit filename="Makefile" />
		<Unit filename="Managers/CollectionManager.cpp" />
		<Unit filename="Managers/CollectionManager.h" />
		<Unit filename="Tools/CrushOperations.cpp" />
		<Unit filename="Tools/CrushOperations.h" />
		<Unit filename="Types/Crush.cpp" />
		<Unit filename="Types/Crush.h" />
		<Unit filename="Types/Menu.cpp" />
		<Unit filename="Types/Menu.h" />
		<Unit filename="Types/Menu.tpp" />
		<Unit filename="auxFuncs.cpp" />
		<Unit filename="auxFuncs.h" />
		<Unit filename="bdsm" />
		<Unit filename="constants.h" />
		<Unit filename="creditsAndNotes.txt" />
		<Unit filename="includes.h" />
		<Unit filename="main.cpp" />
		<Unit filename="resourceHeader.cpp" />
		<Unit filename="resourceHeader.h" />
		<Unit filename="resources/CrushDefaults/Filipa" />
		<Unit filename="resources/CrushDefaults/Florenz" />
		<Unit filename="resources/interests/anime" />
		<Unit filename="resources/interests/bdsm" />
		<Unit filename="resources/interests/fashion" />
		<Unit filename="resources/interests/filosophy" />
		<Unit filename="resources/interests/fitness" />
		<Unit filename="resources/interests/football" />
		<Unit filename="resources/interests/programming" />
		<Unit filename="resources/interests/psychology" />
		<Unit filename="resources/interests/reading" />
		<Unit filename="resources/interests/writing" />
		<Unit filename="resources/menus/interests" />
		<Unit filename="resources/menus/mainOptions" />
		<Unit filename="resources/menus/models" />
		<Unit filename="resources/menus/personalities" />
		<Unit filename="resources/menus/traits" />
		<Unit filename="resources/stdPersonalities/HSPEmpath" />
		<Unit filename="resources/stdPersonalities/assertVanilla" />
		<Unit filename="resources/stdPersonalities/cientista" />
		<Unit filename="resources/stdPersonalities/cinica" />
		<Unit filename="resources/stdPersonalities/coach" />
		<Unit filename="resources/stdPersonalities/cocky" />
		<Unit filename="resources/stdPersonalities/cristalBeliever" />
		<Unit filename="resources/stdPersonalities/forte" />
		<Unit filename="resources/stdPersonalities/freeSpirit" />
		<Unit filename="resources/stdPersonalities/indigo" />
		<Unit filename="resources/stdPersonalities/manchild" />
		<Unit filename="resources/stdPersonalities/partyAnimal" />
		<Unit filename="resources/stdPersonalities/shitnerd" />
		<Unit filename="resources/stdPersonalities/sociopata" />
		<Unit filename="resources/stdPersonalities/turbulent" />
		<Unit filename="resources/stdPersonalities/vanilla" />
		<Unit filename="resources/stdPersonalities/violent" />
		<Extensions />
	</Project>
</CodeBlocks_project_file>
