<?xml version="1.0" encoding="UTF-8" standalone="yes" ?>
<CodeBlocks_project_file>
	<FileVersion major="1" minor="6" />
	<Project>
		<Option title="collectionOfCrushes" />
		<Option makefile_is_custom="1" />
		<Option execution_dir="../collectionOfCrushes" />
		<Option pch_mode="2" />
		<Option compiler="gcc" />
		<Build>
			<Target title="Debug">
				<Option output="bin/Debug/collectionOfCrushes" prefix_auto="1" extension_auto="1" />
				<Option object_output="obj/Debug/" />
				<Option type="1" />
				<Option compiler="gcc" />
				<Compiler>
					<Add option="-g" />
				</Compiler>
			</Target>
			<Target title="Release">
				<Option output="bin/Release/collectionOfCrushes" prefix_auto="1" extension_auto="1" />
				<Option object_output="obj/Release/" />
				<Option type="1" />
				<Option compiler="gcc" />
				<Compiler>
					<Add option="-O2" />
				</Compiler>
				<Linker>
					<Add option="-s" />
				</Linker>
			</Target>
		</Build>
		<Compiler>
			<Add option="-Wall" />
		</Compiler>
		<Unit filename="ADT/hashTable.cpp" />
		<Unit filename="ADT/hashTable.h" />
		<Unit filename="ADT/hashTableIterator.cpp" />
		<Unit filename="ADT/hashTableIterator.h" />
		<Unit filename="Makefile" />
		<Unit filename="Managers/CollectionManager.cpp" />
		<Unit filename="Managers/CollectionManager.h" />
		<Unit filename="Tools/CrushOperations.cpp" />
		<Unit filename="Tools/CrushOperations.h" />
		<Unit filename="Types/Crush.cpp" />
		<Unit filename="Types/Crush.h" />
		<Unit filename="Types/Menu.cpp" />
		<Unit filename="Types/Menu.h" />
		<Unit filename="Types/Menu.tpp" />
		<Unit filename="auxFuncs.cpp" />
		<Unit filename="auxFuncs.h" />
		<Unit filename="constants.h" />
		<Unit filename="creditsAndNotes.txt" />
		<Unit filename="includes.h" />
		<Unit filename="main.cpp" />
		<Unit filename="resourceHeader.cpp" />
		<Unit filename="resourceHeader.h" />
		<Unit filename="resources/CrushDefaults/Florenz" />
		<Unit filename="resources/interests/programming" />
		<Unit filename="resources/interests/reading" />
		<Unit filename="resources/menus/mainOptions" />
		<Unit filename="resources/menus/models" />
		<Unit filename="resources/menus/personalities" />
		<Unit filename="resources/stdPersonalities/shitnerd" />
		<Extensions />
	</Project>
</CodeBlocks_project_file>
